
Microsoft Visual Studio Solution File, Format Version 12.00
# Visual Studio Version 17
VisualStudioVersion = 17.5.33530.505
MinimumVisualStudioVersion = 10.0.40219.1
Project("{FAE04EC0-301F-11D3-BF4B-00C04F79EFBC}") = "Harjoitus22Pintaalalaskuri", "Harjoitus22Pintaalalaskuri\Harjoitus22Pintaalalaskuri.csproj", "{41959CDF-10D9-470E-9639-93A8C1114712}"
EndProject
Global
	GlobalSection(SolutionConfigurationPlatforms) = preSolution
		Debug|Any CPU = Debug|Any CPU
		Release|Any CPU = Release|Any CPU
	EndGlobalSection
	GlobalSection(ProjectConfigurationPlatforms) = postSolution
		{41959CDF-10D9-470E-9639-93A8C1114712}.Debug|Any CPU.ActiveCfg = Debug|Any CPU
		{41959CDF-10D9-470E-9639-93A8C1114712}.Debug|Any CPU.Build.0 = Debug|Any CPU
		{41959CDF-10D9-470E-9639-93A8C1114712}.Release|Any CPU.ActiveCfg = Release|Any CPU
		{41959CDF-10D9-470E-9639-93A8C1114712}.Release|Any CPU.Build.0 = Release|Any CPU
	EndGlobalSection
	GlobalSection(SolutionProperties) = preSolution
		HideSolutionNode = FALSE
	EndGlobalSection
	GlobalSection(ExtensibilityGlobals) = postSolution
		SolutionGuid = {071CAA0F-0EA2-4B1B-A2DF-4E9A2804FCF4}
	EndGlobalSection
EndGlobal
