
Microsoft Visual Studio Solution File, Format Version 12.00
# Visual Studio Version 17
VisualStudioVersion = 17.5.33530.505
MinimumVisualStudioVersion = 10.0.40219.1
Project("{FAE04EC0-301F-11D3-BF4B-00C04F79EFBC}") = "Harjoitus19Hissi", "Harjoitus19Hissi\Harjoitus19Hissi.csproj", "{D743A74C-E4FE-4656-8281-B891B9E34FC6}"
EndProject
Global
	GlobalSection(SolutionConfigurationPlatforms) = preSolution
		Debug|Any CPU = Debug|Any CPU
		Release|Any CPU = Release|Any CPU
	EndGlobalSection
	GlobalSection(ProjectConfigurationPlatforms) = postSolution
		{D743A74C-E4FE-4656-8281-B891B9E34FC6}.Debug|Any CPU.ActiveCfg = Debug|Any CPU
		{D743A74C-E4FE-4656-8281-B891B9E34FC6}.Debug|Any CPU.Build.0 = Debug|Any CPU
		{D743A74C-E4FE-4656-8281-B891B9E34FC6}.Release|Any CPU.ActiveCfg = Release|Any CPU
		{D743A74C-E4FE-4656-8281-B891B9E34FC6}.Release|Any CPU.Build.0 = Release|Any CPU
	EndGlobalSection
	GlobalSection(SolutionProperties) = preSolution
		HideSolutionNode = FALSE
	EndGlobalSection
	GlobalSection(ExtensibilityGlobals) = postSolution
		SolutionGuid = {28E7E657-3832-42B7-A0E4-89ACDB1B134F}
	EndGlobalSection
EndGlobal
