
Microsoft Visual Studio Solution File, Format Version 12.00
# Visual Studio Version 17
VisualStudioVersion = 17.5.33530.505
MinimumVisualStudioVersion = 10.0.40219.1
Project("{FAE04EC0-301F-11D3-BF4B-00C04F79EFBC}") = "Harjoitus9Radio(kt)", "Harjoitus9Radio(kt)\Harjoitus9Radio(kt).csproj", "{CA376131-AD88-418F-B346-AC345527A721}"
EndProject
Global
	GlobalSection(SolutionConfigurationPlatforms) = preSolution
		Debug|Any CPU = Debug|Any CPU
		Release|Any CPU = Release|Any CPU
	EndGlobalSection
	GlobalSection(ProjectConfigurationPlatforms) = postSolution
		{CA376131-AD88-418F-B346-AC345527A721}.Debug|Any CPU.ActiveCfg = Debug|Any CPU
		{CA376131-AD88-418F-B346-AC345527A721}.Debug|Any CPU.Build.0 = Debug|Any CPU
		{CA376131-AD88-418F-B346-AC345527A721}.Release|Any CPU.ActiveCfg = Release|Any CPU
		{CA376131-AD88-418F-B346-AC345527A721}.Release|Any CPU.Build.0 = Release|Any CPU
	EndGlobalSection
	GlobalSection(SolutionProperties) = preSolution
		HideSolutionNode = FALSE
	EndGlobalSection
	GlobalSection(ExtensibilityGlobals) = postSolution
		SolutionGuid = {F6228969-08C9-4571-859B-6951D711EAA9}
	EndGlobalSection
EndGlobal
